
Microsoft Visual Studio Solution File, Format Version 12.00
# Visual Studio Version 16
VisualStudioVersion = 16.0.29021.104
MinimumVisualStudioVersion = 10.0.40219.1
Project("{9A19103F-16F7-4668-BE54-9A1E7A4F7556}") = "GoogleBooks.API", "GoogleBooks.API\GoogleBooks.API.csproj", "{2DBB554D-9274-4B7B-A206-6DC6192F312E}"
EndProject
Project("{9A19103F-16F7-4668-BE54-9A1E7A4F7556}") = "GoogleBooks.Aplicacao", "GoogleBooks.Aplicacao\GoogleBooks.Aplicacao.csproj", "{24CAEAF7-DCAA-41AC-A5FB-359D81B892BE}"
EndProject
Project("{9A19103F-16F7-4668-BE54-9A1E7A4F7556}") = "Samples", "GoogleBooks.Console.Sample\Samples\Samples.csproj", "{D701F419-3882-45A5-90D9-19DADCDF5B50}"
EndProject
Project("{9A19103F-16F7-4668-BE54-9A1E7A4F7556}") = "GoogleBooks.Dominio", "GoogleBooks.Dominio\GoogleBooks.Dominio.csproj", "{99A2D520-8B79-4227-AEBB-43A5B9AC5CE3}"
EndProject
Project("{9A19103F-16F7-4668-BE54-9A1E7A4F7556}") = "GoogleBooks.Integracoes", "GoogleBooks.Integracoes\GoogleBooks.Integracoes.csproj", "{75EFAD0F-48B6-4846-8D95-CDF3664CB77F}"
EndProject
Project("{9A19103F-16F7-4668-BE54-9A1E7A4F7556}") = "GoogleBooks.RavenDB", "GoogleBooks.RavenDB\GoogleBooks.RavenDB.csproj", "{00406EE1-FAF9-4339-91E6-098FAB3088A0}"
EndProject
Global
	GlobalSection(SolutionConfigurationPlatforms) = preSolution
		Debug|Any CPU = Debug|Any CPU
		Release|Any CPU = Release|Any CPU
	EndGlobalSection
	GlobalSection(ProjectConfigurationPlatforms) = postSolution
		{2DBB554D-9274-4B7B-A206-6DC6192F312E}.Debug|Any CPU.ActiveCfg = Debug|Any CPU
		{2DBB554D-9274-4B7B-A206-6DC6192F312E}.Debug|Any CPU.Build.0 = Debug|Any CPU
		{2DBB554D-9274-4B7B-A206-6DC6192F312E}.Release|Any CPU.ActiveCfg = Release|Any CPU
		{2DBB554D-9274-4B7B-A206-6DC6192F312E}.Release|Any CPU.Build.0 = Release|Any CPU
		{24CAEAF7-DCAA-41AC-A5FB-359D81B892BE}.Debug|Any CPU.ActiveCfg = Debug|Any CPU
		{24CAEAF7-DCAA-41AC-A5FB-359D81B892BE}.Debug|Any CPU.Build.0 = Debug|Any CPU
		{24CAEAF7-DCAA-41AC-A5FB-359D81B892BE}.Release|Any CPU.ActiveCfg = Release|Any CPU
		{24CAEAF7-DCAA-41AC-A5FB-359D81B892BE}.Release|Any CPU.Build.0 = Release|Any CPU
		{D701F419-3882-45A5-90D9-19DADCDF5B50}.Debug|Any CPU.ActiveCfg = Debug|Any CPU
		{D701F419-3882-45A5-90D9-19DADCDF5B50}.Debug|Any CPU.Build.0 = Debug|Any CPU
		{D701F419-3882-45A5-90D9-19DADCDF5B50}.Release|Any CPU.ActiveCfg = Release|Any CPU
		{D701F419-3882-45A5-90D9-19DADCDF5B50}.Release|Any CPU.Build.0 = Release|Any CPU
		{99A2D520-8B79-4227-AEBB-43A5B9AC5CE3}.Debug|Any CPU.ActiveCfg = Debug|Any CPU
		{99A2D520-8B79-4227-AEBB-43A5B9AC5CE3}.Debug|Any CPU.Build.0 = Debug|Any CPU
		{99A2D520-8B79-4227-AEBB-43A5B9AC5CE3}.Release|Any CPU.ActiveCfg = Release|Any CPU
		{99A2D520-8B79-4227-AEBB-43A5B9AC5CE3}.Release|Any CPU.Build.0 = Release|Any CPU
		{75EFAD0F-48B6-4846-8D95-CDF3664CB77F}.Debug|Any CPU.ActiveCfg = Debug|Any CPU
		{75EFAD0F-48B6-4846-8D95-CDF3664CB77F}.Debug|Any CPU.Build.0 = Debug|Any CPU
		{75EFAD0F-48B6-4846-8D95-CDF3664CB77F}.Release|Any CPU.ActiveCfg = Release|Any CPU
		{75EFAD0F-48B6-4846-8D95-CDF3664CB77F}.Release|Any CPU.Build.0 = Release|Any CPU
		{00406EE1-FAF9-4339-91E6-098FAB3088A0}.Debug|Any CPU.ActiveCfg = Debug|Any CPU
		{00406EE1-FAF9-4339-91E6-098FAB3088A0}.Debug|Any CPU.Build.0 = Debug|Any CPU
		{00406EE1-FAF9-4339-91E6-098FAB3088A0}.Release|Any CPU.ActiveCfg = Release|Any CPU
		{00406EE1-FAF9-4339-91E6-098FAB3088A0}.Release|Any CPU.Build.0 = Release|Any CPU
	EndGlobalSection
	GlobalSection(SolutionProperties) = preSolution
		HideSolutionNode = FALSE
	EndGlobalSection
	GlobalSection(ExtensibilityGlobals) = postSolution
		SolutionGuid = {E0E209C4-4F02-487E-9D51-04FED0364B71}
	EndGlobalSection
EndGlobal
